Microsoft Visual Studio Solution File, Format Version 12.00
# Visual Studio Version 16
VisualStudioVersion = 16.0.0.0
MinimumVisualStudioVersion = 16.0.0.0
Project("{9A19103F-16F7-4668-BE54-9A1E7A4F7556}") = "F1", "F1\F1.csproj", "{C714A620-86A9-4F79-B0BA-0CC7F81EC9C1}"
EndProject
Global
	GlobalSection(SolutionConfigurationPlatforms) = preSolution
		Debug|Any CPU = Debug|Any CPU
		Debug|x64 = Debug|x64
		Debug|x86 = Debug|x86
		Release|Any CPU = Release|Any CPU
		Release|x64 = Release|x64
		Release|x86 = Release|x86
	EndGlobalSection
	GlobalSection(ProjectConfigurationPlatforms) = postSolution
		{C714A620-86A9-4F79-B0BA-0CC7F81EC9C1}.Debug|Any CPU.ActiveCfg = Debug|Any CPU
		{C714A620-86A9-4F79-B0BA-0CC7F81EC9C1}.Debug|Any CPU.Build.0 = Debug|Any CPU
		{C714A620-86A9-4F79-B0BA-0CC7F81EC9C1}.Debug|x64.ActiveCfg = Debug|Any CPU
		{C714A620-86A9-4F79-B0BA-0CC7F81EC9C1}.Debug|x64.Build.0 = Debug|Any CPU
		{C714A620-86A9-4F79-B0BA-0CC7F81EC9C1}.Debug|x86.ActiveCfg = Debug|Any CPU
		{C714A620-86A9-4F79-B0BA-0CC7F81EC9C1}.Debug|x86.Build.0 = Debug|Any CPU
		{C714A620-86A9-4F79-B0BA-0CC7F81EC9C1}.Release|Any CPU.ActiveCfg = Release|Any CPU
		{C714A620-86A9-4F79-B0BA-0CC7F81EC9C1}.Release|Any CPU.Build.0 = Release|Any CPU
		{C714A620-86A9-4F79-B0BA-0CC7F81EC9C1}.Release|x64.ActiveCfg = Release|Any CPU
		{C714A620-86A9-4F79-B0BA-0CC7F81EC9C1}.Release|x64.Build.0 = Release|Any CPU
		{C714A620-86A9-4F79-B0BA-0CC7F81EC9C1}.Release|x86.ActiveCfg = Release|Any CPU
		{C714A620-86A9-4F79-B0BA-0CC7F81EC9C1}.Release|x86.Build.0 = Release|Any CPU
	EndGlobalSection
	GlobalSection(SolutionProperties) = preSolution
		HideSolutionNode = FALSE
	EndGlobalSection
	GlobalSection(ExtensibilityGlobals) = postSolution
		SolutionGuid = {DAE8385A-F7C4-44B5-B558-1E79F542D037}
	EndGlobalSection
EndGlobal
